
Microsoft Visual Studio Solution File, Format Version 12.00
# Visual Studio Version 17
VisualStudioVersion = 17.6.33829.357
MinimumVisualStudioVersion = 10.0.40219.1
Project("{9A19103F-16F7-4668-BE54-9A1E7A4F7556}") = "BlockCahin Invoice", "BlockCahin Invoice\BlockCahin Invoice.csproj", "{10D867C1-0CAB-44F0-AD26-99C5160AF994}"
EndProject
Global
	GlobalSection(SolutionConfigurationPlatforms) = preSolution
		Debug|Any CPU = Debug|Any CPU
		Release|Any CPU = Release|Any CPU
	EndGlobalSection
	GlobalSection(ProjectConfigurationPlatforms) = postSolution
		{10D867C1-0CAB-44F0-AD26-99C5160AF994}.Debug|Any CPU.ActiveCfg = Debug|Any CPU
		{10D867C1-0CAB-44F0-AD26-99C5160AF994}.Debug|Any CPU.Build.0 = Debug|Any CPU
		{10D867C1-0CAB-44F0-AD26-99C5160AF994}.Release|Any CPU.ActiveCfg = Release|Any CPU
		{10D867C1-0CAB-44F0-AD26-99C5160AF994}.Release|Any CPU.Build.0 = Release|Any CPU
	EndGlobalSection
	GlobalSection(SolutionProperties) = preSolution
		HideSolutionNode = FALSE
	EndGlobalSection
	GlobalSection(ExtensibilityGlobals) = postSolution
		SolutionGuid = {5D53F6BC-6086-475D-80B2-88EBB39F670D}
	EndGlobalSection
EndGlobal
